{
  "version": 4,
  "terraform_version": "1.3.1",
  "serial": 2,
  "lineage": "5c84f4c5-f0e6-3e1c-6ece-324a0a033503",
  "outputs": {},
  "resources": [
    {
      "mode": "managed",
      "type": "docker_image",
      "name": "react_image",
      "provider": "provider[\"registry.terraform.io/kreuzwerker/docker\"]",
      "instances": [
        {
          "schema_version": 0,
          "attributes": {
            "build": [
              {
                "build_arg": null,
                "dockerfile": "app.dockerfile",
                "force_remove": null,
                "label": null,
                "no_cache": null,
                "path": "../react-docker",
                "remove": true,
                "tag": [],
                "target": ""
              }
            ],
            "force_remove": null,
            "id": "sha256:d93d1867ad841c047b71206773b7b919240fc54e82e730f886f97357cb7350e3react_image",
            "image_id": "sha256:d93d1867ad841c047b71206773b7b919240fc54e82e730f886f97357cb7350e3",
            "keep_locally": null,
            "latest": "sha256:d93d1867ad841c047b71206773b7b919240fc54e82e730f886f97357cb7350e3",
            "name": "react_image",
            "output": null,
            "pull_trigger": null,
            "pull_triggers": null,
            "repo_digest": "",
            "triggers": null
          },
          "sensitive_attributes": [],
          "private": "bnVsbA=="
        }
      ]
    }
  ],
  "check_results": []
}
